
Microsoft Visual Studio Solution File, Format Version 12.00
# Visual Studio 15
VisualStudioVersion = 15.0.27428.2015
MinimumVisualStudioVersion = 10.0.40219.1
Project("{888888A0-9F3D-457C-B088-3A5042F75D52}") = "Progra1", "Progra1\Progra1.pyproj", "{94132F55-621F-416C-BA83-D3F573A88065}"
EndProject
Global
	GlobalSection(SolutionConfigurationPlatforms) = preSolution
		Debug|Any CPU = Debug|Any CPU
		Release|Any CPU = Release|Any CPU
	EndGlobalSection
	GlobalSection(ProjectConfigurationPlatforms) = postSolution
		{94132F55-621F-416C-BA83-D3F573A88065}.Debug|Any CPU.ActiveCfg = Debug|Any CPU
		{94132F55-621F-416C-BA83-D3F573A88065}.Debug|Any CPU.Build.0 = Debug|Any CPU
		{94132F55-621F-416C-BA83-D3F573A88065}.Release|Any CPU.ActiveCfg = Release|Any CPU
		{94132F55-621F-416C-BA83-D3F573A88065}.Release|Any CPU.Build.0 = Release|Any CPU
	EndGlobalSection
	GlobalSection(SolutionProperties) = preSolution
		HideSolutionNode = FALSE
	EndGlobalSection
	GlobalSection(ExtensibilityGlobals) = postSolution
		SolutionGuid = {52189573-C48A-49E1-A912-4B6D9181C0A6}
	EndGlobalSection
EndGlobal
